// !$*UTF8*$!
{
	archiveVersion = 1;
	classes = {
	};
	objectVersion = 51;
	objects = {

/* Begin PBXBuildFile section */
		311D1CCDB9E51537816D63DF /* Pods_SimpleDiary.framework in Frameworks */ = {isa = PBXBuildFile; fileRef = B4E4D714490AFEEF999F4FC6 /* Pods_SimpleDiary.framework */; };
		6D0B919C244EA96D00E9B43F /* AppDelegate.swift in Sources */ = {isa = PBXBuildFile; fileRef = 6D0B919B244EA96D00E9B43F /* AppDelegate.swift */; };
		6D0B919E244EA96D00E9B43F /* SceneDelegate.swift in Sources */ = {isa = PBXBuildFile; fileRef = 6D0B919D244EA96D00E9B43F /* SceneDelegate.swift */; };
		6D0B91A0244EA96D00E9B43F /* ViewController.swift in Sources */ = {isa = PBXBuildFile; fileRef = 6D0B919F244EA96D00E9B43F /* ViewController.swift */; };
		6D0B91A3244EA96D00E9B43F /* Main.storyboard in Resources */ = {isa = PBXBuildFile; fileRef = 6D0B91A1244EA96D00E9B43F /* Main.storyboard */; };
		6D0B91A5244EA96F00E9B43F /* Assets.xcassets in Resources */ = {isa = PBXBuildFile; fileRef = 6D0B91A4244EA96F00E9B43F /* Assets.xcassets */; };
		6D0B91A8244EA96F00E9B43F /* LaunchScreen.storyboard in Resources */ = {isa = PBXBuildFile; fileRef = 6D0B91A6244EA96F00E9B43F /* LaunchScreen.storyboard */; };
		6D0B91B0244EDDA100E9B43F /* DiaryTableViewCell.swift in Sources */ = {isa = PBXBuildFile; fileRef = 6D0B91AF244EDDA100E9B43F /* DiaryTableViewCell.swift */; };
		6D1E87EA245150AE00C81C13 /* TaskModel.swift in Sources */ = {isa = PBXBuildFile; fileRef = 6D1E87E9245150AE00C81C13 /* TaskModel.swift */; };
		6D1E87EC2452957F00C81C13 /* NewTaskViewController.swift in Sources */ = {isa = PBXBuildFile; fileRef = 6D1E87EB2452957F00C81C13 /* NewTaskViewController.swift */; };
		6D1E87EE2452C87700C81C13 /* DBManager.swift in Sources */ = {isa = PBXBuildFile; fileRef = 6D1E87ED2452C87700C81C13 /* DBManager.swift */; };
/* End PBXBuildFile section */

/* Begin PBXFileReference section */
		5E9AA2CF5A621733729F3B49 /* Pods-SimpleDiary.release.xcconfig */ = {isa = PBXFileReference; includeInIndex = 1; lastKnownFileType = text.xcconfig; name = "Pods-SimpleDiary.release.xcconfig"; path = "Target Support Files/Pods-SimpleDiary/Pods-SimpleDiary.release.xcconfig"; sourceTree = "<group>"; };
		6D0B9198244EA96D00E9B43F /* SimpleDiary.app */ = {isa = PBXFileReference; explicitFileType = wrapper.application; includeInIndex = 0; path = SimpleDiary.app; sourceTree = BUILT_PRODUCTS_DIR; };
		6D0B919B244EA96D00E9B43F /* AppDelegate.swift */ = {isa = PBXFileReference; lastKnownFileType = sourcecode.swift; path = AppDelegate.swift; sourceTree = "<group>"; };
		6D0B919D244EA96D00E9B43F /* SceneDelegate.swift */ = {isa = PBXFileReference; lastKnownFileType = sourcecode.swift; path = SceneDelegate.swift; sourceTree = "<group>"; };
		6D0B919F244EA96D00E9B43F /* ViewController.swift */ = {isa = PBXFileReference; lastKnownFileType = sourcecode.swift; path = ViewController.swift; sourceTree = "<group>"; };
		6D0B91A2244EA96D00E9B43F /* Base */ = {isa = PBXFileReference; lastKnownFileType = file.storyboard; name = Base; path = Base.lproj/Main.storyboard; sourceTree = "<group>"; };
		6D0B91A4244EA96F00E9B43F /* Assets.xcassets */ = {isa = PBXFileReference; lastKnownFileType = folder.assetcatalog; path = Assets.xcassets; sourceTree = "<group>"; };
		6D0B91A7244EA96F00E9B43F /* Base */ = {isa = PBXFileReference; lastKnownFileType = file.storyboard; name = Base; path = Base.lproj/LaunchScreen.storyboard; sourceTree = "<group>"; };
		6D0B91A9244EA96F00E9B43F /* Info.plist */ = {isa = PBXFileReference; lastKnownFileType = text.plist.xml; path = Info.plist; sourceTree = "<group>"; };
		6D0B91AF244EDDA100E9B43F /* DiaryTableViewCell.swift */ = {isa = PBXFileReference; lastKnownFileType = sourcecode.swift; path = DiaryTableViewCell.swift; sourceTree = "<group>"; };
		6D1E87E9245150AE00C81C13 /* TaskModel.swift */ = {isa = PBXFileReference; lastKnownFileType = sourcecode.swift; path = TaskModel.swift; sourceTree = "<group>"; };
		6D1E87EB2452957F00C81C13 /* NewTaskViewController.swift */ = {isa = PBXFileReference; lastKnownFileType = sourcecode.swift; path = NewTaskViewController.swift; sourceTree = "<group>"; };
		6D1E87ED2452C87700C81C13 /* DBManager.swift */ = {isa = PBXFileReference; lastKnownFileType = sourcecode.swift; path = DBManager.swift; sourceTree = "<group>"; };
		A2511D0B3F1972EF8434F06C /* Pods-SimpleDiary.debug.xcconfig */ = {isa = PBXFileReference; includeInIndex = 1; lastKnownFileType = text.xcconfig; name = "Pods-SimpleDiary.debug.xcconfig"; path = "Target Support Files/Pods-SimpleDiary/Pods-SimpleDiary.debug.xcconfig"; sourceTree = "<group>"; };
		B4E4D714490AFEEF999F4FC6 /* Pods_SimpleDiary.framework */ = {isa = PBXFileReference; explicitFileType = wrapper.framework; includeInIndex = 0; path = Pods_SimpleDiary.framework; sourceTree = BUILT_PRODUCTS_DIR; };
/* End PBXFileReference section */

/* Begin PBXFrameworksBuildPhase section */
		6D0B9195244EA96D00E9B43F /* Frameworks */ = {
			isa = PBXFrameworksBuildPhase;
			buildActionMask = 2147483647;
			files = (
				311D1CCDB9E51537816D63DF /* Pods_SimpleDiary.framework in Frameworks */,
			);
			runOnlyForDeploymentPostprocessing = 0;
		};
/* End PBXFrameworksBuildPhase section */

/* Begin PBXGroup section */
		41D9286FC46D14A5857CC646 /* Frameworks */ = {
			isa = PBXGroup;
			children = (
				B4E4D714490AFEEF999F4FC6 /* Pods_SimpleDiary.framework */,
			);
			name = Frameworks;
			sourceTree = "<group>";
		};
		6D0B918F244EA96D00E9B43F = {
			isa = PBXGroup;
			children = (
				6D0B919A244EA96D00E9B43F /* SimpleDiary */,
				6D0B9199244EA96D00E9B43F /* Products */,
				BFEAB2C9CBA6BCFC8C1E10CD /* Pods */,
				41D9286FC46D14A5857CC646 /* Frameworks */,
			);
			sourceTree = "<group>";
		};
		6D0B9199244EA96D00E9B43F /* Products */ = {
			isa = PBXGroup;
			children = (
				6D0B9198244EA96D00E9B43F /* SimpleDiary.app */,
			);
			name = Products;
			sourceTree = "<group>";
		};
		6D0B919A244EA96D00E9B43F /* SimpleDiary */ = {
			isa = PBXGroup;
			children = (
				6D0B919B244EA96D00E9B43F /* AppDelegate.swift */,
				6D0B919D244EA96D00E9B43F /* SceneDelegate.swift */,
				6D0B919F244EA96D00E9B43F /* ViewController.swift */,
				6D0B91A1244EA96D00E9B43F /* Main.storyboard */,
				6D0B91A4244EA96F00E9B43F /* Assets.xcassets */,
				6D0B91A6244EA96F00E9B43F /* LaunchScreen.storyboard */,
				6D0B91A9244EA96F00E9B43F /* Info.plist */,
				6D0B91AF244EDDA100E9B43F /* DiaryTableViewCell.swift */,
				6D1E87E9245150AE00C81C13 /* TaskModel.swift */,
				6D1E87ED2452C87700C81C13 /* DBManager.swift */,
				6D1E87EB2452957F00C81C13 /* NewTaskViewController.swift */,
			);
			path = SimpleDiary;
			sourceTree = "<group>";
		};
		BFEAB2C9CBA6BCFC8C1E10CD /* Pods */ = {
			isa = PBXGroup;
			children = (
				A2511D0B3F1972EF8434F06C /* Pods-SimpleDiary.debug.xcconfig */,
				5E9AA2CF5A621733729F3B49 /* Pods-SimpleDiary.release.xcconfig */,
			);
			path = Pods;
			sourceTree = "<group>";
		};
/* End PBXGroup section */

/* Begin PBXNativeTarget section */
		6D0B9197244EA96D00E9B43F /* SimpleDiary */ = {
			isa = PBXNativeTarget;
			buildConfigurationList = 6D0B91AC244EA96F00E9B43F /* Build configuration list for PBXNativeTarget "SimpleDiary" */;
			buildPhases = (
				9B341BAD49781EB414E78A99 /* [CP] Check Pods Manifest.lock */,
				6D0B9194244EA96D00E9B43F /* Sources */,
				6D0B9195244EA96D00E9B43F /* Frameworks */,
				6D0B9196244EA96D00E9B43F /* Resources */,
				AF7D1DBB4DEC715AE4808E6B /* [CP] Embed Pods Frameworks */,
			);
			buildRules = (
			);
			dependencies = (
			);
			name = SimpleDiary;
			productName = SimpleDiary;
			productReference = 6D0B9198244EA96D00E9B43F /* SimpleDiary.app */;
			productType = "com.apple.product-type.application";
		};
/* End PBXNativeTarget section */

/* Begin PBXProject section */
		6D0B9190244EA96D00E9B43F /* Project object */ = {
			isa = PBXProject;
			attributes = {
				LastSwiftUpdateCheck = 1140;
				LastUpgradeCheck = 1140;
				ORGANIZATIONNAME = "Hoang Tung";
				TargetAttributes = {
					6D0B9197244EA96D00E9B43F = {
						CreatedOnToolsVersion = 11.4.1;
					};
				};
			};
			buildConfigurationList = 6D0B9193244EA96D00E9B43F /* Build configuration list for PBXProject "SimpleDiary" */;
			compatibilityVersion = "Xcode 9.3";
			developmentRegion = en;
			hasScannedForEncodings = 0;
			knownRegions = (
				en,
				Base,
			);
			mainGroup = 6D0B918F244EA96D00E9B43F;
			productRefGroup = 6D0B9199244EA96D00E9B43F /* Products */;
			projectDirPath = "";
			projectRoot = "";
			targets = (
				6D0B9197244EA96D00E9B43F /* SimpleDiary */,
			);
		};
/* End PBXProject section */

/* Begin PBXResourcesBuildPhase section */
		6D0B9196244EA96D00E9B43F /* Resources */ = {
			isa = PBXResourcesBuildPhase;
			buildActionMask = 2147483647;
			files = (
				6D0B91A8244EA96F00E9B43F /* LaunchScreen.storyboard in Resources */,
				6D0B91A5244EA96F00E9B43F /* Assets.xcassets in Resources */,
				6D0B91A3244EA96D00E9B43F /* Main.storyboard in Resources */,
			);
			runOnlyForDeploymentPostprocessing = 0;
		};
/* End PBXResourcesBuildPhase section */

/* Begin PBXShellScriptBuildPhase section */
		9B341BAD49781EB414E78A99 /* [CP] Check Pods Manifest.lock */ = {
			isa = PBXShellScriptBuildPhase;
			buildActionMask = 2147483647;
			files = (
			);
			inputFileListPaths = (
			);
			inputPaths = (
				"${PODS_PODFILE_DIR_PATH}/Podfile.lock",
				"${PODS_ROOT}/Manifest.lock",
			);
			name = "[CP] Check Pods Manifest.lock";
			outputFileListPaths = (
			);
			outputPaths = (
				"$(DERIVED_FILE_DIR)/Pods-SimpleDiary-checkManifestLockResult.txt",
			);
			runOnlyForDeploymentPostprocessing = 0;
			shellPath = /bin/sh;
			shellScript = "diff \"${PODS_PODFILE_DIR_PATH}/Podfile.lock\" \"${PODS_ROOT}/Manifest.lock\" > /dev/null\nif [ $? != 0 ] ; then\n    # print error to STDERR\n    echo \"error: The sandbox is not in sync with the Podfile.lock. Run 'pod install' or update your CocoaPods installation.\" >&2\n    exit 1\nfi\n# This output is used by Xcode 'outputs' to avoid re-running this script phase.\necho \"SUCCESS\" > \"${SCRIPT_OUTPUT_FILE_0}\"\n";
			showEnvVarsInLog = 0;
		};
		AF7D1DBB4DEC715AE4808E6B /* [CP] Embed Pods Frameworks */ = {
			isa = PBXShellScriptBuildPhase;
			buildActionMask = 2147483647;
			files = (
			);
			inputFileListPaths = (
				"${PODS_ROOT}/Target Support Files/Pods-SimpleDiary/Pods-SimpleDiary-frameworks-${CONFIGURATION}-input-files.xcfilelist",
			);
			name = "[CP] Embed Pods Frameworks";
			outputFileListPaths = (
				"${PODS_ROOT}/Target Support Files/Pods-SimpleDiary/Pods-SimpleDiary-frameworks-${CONFIGURATION}-output-files.xcfilelist",
			);
			runOnlyForDeploymentPostprocessing = 0;
			shellPath = /bin/sh;
			shellScript = "\"${PODS_ROOT}/Target Support Files/Pods-SimpleDiary/Pods-SimpleDiary-frameworks.sh\"\n";
			showEnvVarsInLog = 0;
		};
/* End PBXShellScriptBuildPhase section */

/* Begin PBXSourcesBuildPhase section */
		6D0B9194244EA96D00E9B43F /* Sources */ = {
			isa = PBXSourcesBuildPhase;
			buildActionMask = 2147483647;
			files = (
				6D0B91A0244EA96D00E9B43F /* ViewController.swift in Sources */,
				6D0B919C244EA96D00E9B43F /* AppDelegate.swift in Sources */,
				6D1E87EA245150AE00C81C13 /* TaskModel.swift in Sources */,
				6D0B919E244EA96D00E9B43F /* SceneDelegate.swift in Sources */,
				6D1E87EC2452957F00C81C13 /* NewTaskViewController.swift in Sources */,
				6D0B91B0244EDDA100E9B43F /* DiaryTableViewCell.swift in Sources */,
				6D1E87EE2452C87700C81C13 /* DBManager.swift in Sources */,
			);
			runOnlyForDeploymentPostprocessing = 0;
		};
/* End PBXSourcesBuildPhase section */

/* Begin PBXVariantGroup section */
		6D0B91A1244EA96D00E9B43F /* Main.storyboard */ = {
			isa = PBXVariantGroup;
			children = (
				6D0B91A2244EA96D00E9B43F /* Base */,
			);
			name = Main.storyboard;
			sourceTree = "<group>";
		};
		6D0B91A6244EA96F00E9B43F /* LaunchScreen.storyboard */ = {
			isa = PBXVariantGroup;
			children = (
				6D0B91A7244EA96F00E9B43F /* Base */,
			);
			name = LaunchScreen.storyboard;
			sourceTree = "<group>";
		};
/* End PBXVariantGroup section */

/* Begin XCBuildConfiguration section */
		6D0B91AA244EA96F00E9B43F /* Debug */ = {
			isa = XCBuildConfiguration;
			buildSettings = {
				ALWAYS_SEARCH_USER_PATHS = NO;
				CLANG_ANALYZER_NONNULL = YES;
				CLANG_ANALYZER_NUMBER_OBJECT_CONVERSION = YES_AGGRESSIVE;
				CLANG_CXX_LANGUAGE_STANDARD = "gnu++14";
				CLANG_CXX_LIBRARY = "libc++";
				CLANG_ENABLE_MODULES = YES;
				CLANG_ENABLE_OBJC_ARC = YES;
				CLANG_ENABLE_OBJC_WEAK = YES;
				CLANG_WARN_BLOCK_CAPTURE_AUTORELEASING = YES;
				CLANG_WARN_BOOL_CONVERSION = YES;
				CLANG_WARN_COMMA = YES;
				CLANG_WARN_CONSTANT_CONVERSION = YES;
				CLANG_WARN_DEPRECATED_OBJC_IMPLEMENTATIONS = YES;
				CLANG_WARN_DIRECT_OBJC_ISA_USAGE = YES_ERROR;
				CLANG_WARN_DOCUMENTATION_COMMENTS = YES;
				CLANG_WARN_EMPTY_BODY = YES;
				CLANG_WARN_ENUM_CONVERSION = YES;
				CLANG_WARN_INFINITE_RECURSION = YES;
				CLANG_WARN_INT_CONVERSION = YES;
				CLANG_WARN_NON_LITERAL_NULL_CONVERSION = YES;
				CLANG_WARN_OBJC_IMPLICIT_RETAIN_SELF = YES;
				CLANG_WARN_OBJC_LITERAL_CONVERSION = YES;
				CLANG_WARN_OBJC_ROOT_CLASS = YES_ERROR;
				CLANG_WARN_RANGE_LOOP_ANALYSIS = YES;
				CLANG_WARN_STRICT_PROTOTYPES = YES;
				CLANG_WARN_SUSPICIOUS_MOVE = YES;
				CLANG_WARN_UNGUARDED_AVAILABILITY = YES_AGGRESSIVE;
				CLANG_WARN_UNREACHABLE_CODE = YES;
				CLANG_WARN__DUPLICATE_METHOD_MATCH = YES;
				COPY_PHASE_STRIP = NO;
				DEBUG_INFORMATION_FORMAT = dwarf;
				ENABLE_STRICT_OBJC_MSGSEND = YES;
				ENABLE_TESTABILITY = YES;
				GCC_C_LANGUAGE_STANDARD = gnu11;
				GCC_DYNAMIC_NO_PIC = NO;
				GCC_NO_COMMON_BLOCKS = YES;
				GCC_OPTIMIZATION_LEVEL = 0;
				GCC_PREPROCESSOR_DEFINITIONS = (
					"DEBUG=1",
					"$(inherited)",
				);
				GCC_WARN_64_TO_32_BIT_CONVERSION = YES;
				GCC_WARN_ABOUT_RETURN_TYPE = YES_ERROR;
				GCC_WARN_UNDECLARED_SELECTOR = YES;
				GCC_WARN_UNINITIALIZED_AUTOS = YES_AGGRESSIVE;
				GCC_WARN_UNUSED_FUNCTION = YES;
				GCC_WARN_UNUSED_VARIABLE = YES;
				IPHONEOS_DEPLOYMENT_TARGET = 13.4;
				MTL_ENABLE_DEBUG_INFO = INCLUDE_SOURCE;
				MTL_FAST_MATH = YES;
				ONLY_ACTIVE_ARCH = YES;
				SDKROOT = iphoneos;
				SWIFT_ACTIVE_COMPILATION_CONDITIONS = DEBUG;
				SWIFT_OPTIMIZATION_LEVEL = "-Onone";
			};
			name = Debug;
		};
		6D0B91AB244EA96F00E9B43F /* Release */ = {
			isa = XCBuildConfiguration;
			buildSettings = {
				ALWAYS_SEARCH_USER_PATHS = NO;
				CLANG_ANALYZER_NONNULL = YES;
				CLANG_ANALYZER_NUMBER_OBJECT_CONVERSION = YES_AGGRESSIVE;
				CLANG_CXX_LANGUAGE_STANDARD = "gnu++14";
				CLANG_CXX_LIBRARY = "libc++";
				CLANG_ENABLE_MODULES = YES;
				CLANG_ENABLE_OBJC_ARC = YES;
				CLANG_ENABLE_OBJC_WEAK = YES;
				CLANG_WARN_BLOCK_CAPTURE_AUTORELEASING = YES;
				CLANG_WARN_BOOL_CONVERSION = YES;
				CLANG_WARN_COMMA = YES;
				CLANG_WARN_CONSTANT_CONVERSION = YES;
				CLANG_WARN_DEPRECATED_OBJC_IMPLEMENTATIONS = YES;
				CLANG_WARN_DIRECT_OBJC_ISA_USAGE = YES_ERROR;
				CLANG_WARN_DOCUMENTATION_COMMENTS = YES;
				CLANG_WARN_EMPTY_BODY = YES;
				CLANG_WARN_ENUM_CONVERSION = YES;
				CLANG_WARN_INFINITE_RECURSION = YES;
				CLANG_WARN_INT_CONVERSION = YES;
				CLANG_WARN_NON_LITERAL_NULL_CONVERSION = YES;
				CLANG_WARN_OBJC_IMPLICIT_RETAIN_SELF = YES;
				CLANG_WARN_OBJC_LITERAL_CONVERSION = YES;
				CLANG_WARN_OBJC_ROOT_CLASS = YES_ERROR;
				CLANG_WARN_RANGE_LOOP_ANALYSIS = YES;
				CLANG_WARN_STRICT_PROTOTYPES = YES;
				CLANG_WARN_SUSPICIOUS_MOVE = YES;
				CLANG_WARN_UNGUARDED_AVAILABILITY = YES_AGGRESSIVE;
				CLANG_WARN_UNREACHABLE_CODE = YES;
				CLANG_WARN__DUPLICATE_METHOD_MATCH = YES;
				COPY_PHASE_STRIP = NO;
				DEBUG_INFORMATION_FORMAT = "dwarf-with-dsym";
				ENABLE_NS_ASSERTIONS = NO;
				ENABLE_STRICT_OBJC_MSGSEND = YES;
				GCC_C_LANGUAGE_STANDARD = gnu11;
				GCC_NO_COMMON_BLOCKS = YES;
				GCC_WARN_64_TO_32_BIT_CONVERSION = YES;
				GCC_WARN_ABOUT_RETURN_TYPE = YES_ERROR;
				GCC_WARN_UNDECLARED_SELECTOR = YES;
				GCC_WARN_UNINITIALIZED_AUTOS = YES_AGGRESSIVE;
				GCC_WARN_UNUSED_FUNCTION = YES;
				GCC_WARN_UNUSED_VARIABLE = YES;
				IPHONEOS_DEPLOYMENT_TARGET = 13.4;
				MTL_ENABLE_DEBUG_INFO = NO;
				MTL_FAST_MATH = YES;
				SDKROOT = iphoneos;
				SWIFT_COMPILATION_MODE = wholemodule;
				SWIFT_OPTIMIZATION_LEVEL = "-O";
				VALIDATE_PRODUCT = YES;
			};
			name = Release;
		};
		6D0B91AD244EA96F00E9B43F /* Debug */ = {
			isa = XCBuildConfiguration;
			baseConfigurationReference = A2511D0B3F1972EF8434F06C /* Pods-SimpleDiary.debug.xcconfig */;
			buildSettings = {
				ASSETCATALOG_COMPILER_APPICON_NAME = AppIcon;
				CODE_SIGN_STYLE = Automatic;
				DEVELOPMENT_TEAM = 448WS6UWDS;
				INFOPLIST_FILE = SimpleDiary/Info.plist;
				LD_RUNPATH_SEARCH_PATHS = (
					"$(inherited)",
					"@executable_path/Frameworks",
				);
				PRODUCT_BUNDLE_IDENTIFIER = tung.SimpleDiary;
				PRODUCT_NAME = "$(TARGET_NAME)";
				SWIFT_VERSION = 5.0;
				TARGETED_DEVICE_FAMILY = "1,2";
			};
			name = Debug;
		};
		6D0B91AE244EA96F00E9B43F /* Release */ = {
			isa = XCBuildConfiguration;
			baseConfigurationReference = 5E9AA2CF5A621733729F3B49 /* Pods-SimpleDiary.release.xcconfig */;
			buildSettings = {
				ASSETCATALOG_COMPILER_APPICON_NAME = AppIcon;
				CODE_SIGN_STYLE = Automatic;
				DEVELOPMENT_TEAM = 448WS6UWDS;
				INFOPLIST_FILE = SimpleDiary/Info.plist;
				LD_RUNPATH_SEARCH_PATHS = (
					"$(inherited)",
					"@executable_path/Frameworks",
				);
				PRODUCT_BUNDLE_IDENTIFIER = tung.SimpleDiary;
				PRODUCT_NAME = "$(TARGET_NAME)";
				SWIFT_VERSION = 5.0;
				TARGETED_DEVICE_FAMILY = "1,2";
			};
			name = Release;
		};
/* End XCBuildConfiguration section */

/* Begin XCConfigurationList section */
		6D0B9193244EA96D00E9B43F /* Build configuration list for PBXProject "SimpleDiary" */ = {
			isa = XCConfigurationList;
			buildConfigurations = (
				6D0B91AA244EA96F00E9B43F /* Debug */,
				6D0B91AB244EA96F00E9B43F /* Release */,
			);
			defaultConfigurationIsVisible = 0;
			defaultConfigurationName = Release;
		};
		6D0B91AC244EA96F00E9B43F /* Build configuration list for PBXNativeTarget "SimpleDiary" */ = {
			isa = XCConfigurationList;
			buildConfigurations = (
				6D0B91AD244EA96F00E9B43F /* Debug */,
				6D0B91AE244EA96F00E9B43F /* Release */,
			);
			defaultConfigurationIsVisible = 0;
			defaultConfigurationName = Release;
		};
/* End XCConfigurationList section */
	};
	rootObject = 6D0B9190244EA96D00E9B43F /* Project object */;
}
